
Microsoft Visual Studio Solution File, Format Version 12.00
# Visual Studio Version 17
VisualStudioVersion = 17.4.33205.214
MinimumVisualStudioVersion = 10.0.40219.1
Project("{FAE04EC0-301F-11D3-BF4B-00C04F79EFBC}") = "AOEASPNET1", "AOEASPNET1.csproj", "{3A64E1E4-9104-4E47-A11A-2F3B409DDA24}"
EndProject
Global
	GlobalSection(SolutionConfigurationPlatforms) = preSolution
		Debug|Any CPU = Debug|Any CPU
		Release|Any CPU = Release|Any CPU
	EndGlobalSection
	GlobalSection(ProjectConfigurationPlatforms) = postSolution
		{3A64E1E4-9104-4E47-A11A-2F3B409DDA24}.Debug|Any CPU.ActiveCfg = Debug|Any CPU
		{3A64E1E4-9104-4E47-A11A-2F3B409DDA24}.Debug|Any CPU.Build.0 = Debug|Any CPU
		{3A64E1E4-9104-4E47-A11A-2F3B409DDA24}.Release|Any CPU.ActiveCfg = Release|Any CPU
		{3A64E1E4-9104-4E47-A11A-2F3B409DDA24}.Release|Any CPU.Build.0 = Release|Any CPU
	EndGlobalSection
	GlobalSection(SolutionProperties) = preSolution
		HideSolutionNode = FALSE
	EndGlobalSection
	GlobalSection(ExtensibilityGlobals) = postSolution
		SolutionGuid = {7E768EF3-0A1F-4700-8FE4-937AB9041AF8}
	EndGlobalSection
EndGlobal
